charm.land/bubbletea/v2 v2.0.8 h1:SxTJMhCAI3lbPmy4SgX5LWZ24AdINr4I6UEqzZvYJuY=
charm.land/bubbletea/v2 v2.0.8/go.mod h1:2SkdgoTXluXJHOUwAoRlRXF/28vklb1rFl6GcgV1/ss=
charm.land/lipgloss/v2 v2.0.5 h1:kbNxgeeUOYv5J0YdpxFjfvf3dFvqH8Aci4zB6xqFtrY=
charm.land/lipgloss/v2 v2.0.5/go.mod h1:9oqhxt4yxIMe6q5A4kHr44DremZk7J9UNh74GlWa5nc=
charm.land/log/v2 v2.0.0 h1:SY3Cey7ipx86/MBXQHwsguOT6X1exT94mmJRdzTNs+s=
charm.land/log/v2 v2.0.0/go.mod h1:c3cZSRqm20qUVVAR1WmS/7ab8bgha3C6G7DjPcaVZz0=
charm.land/wish/v2 v2.0.1 h1:xYOsvQG/bYNRoKUBt0AEyMiCv9rksmCOG/fD5WifAzg=
charm.land/wish/v2 v2.0.1/go.mod h1:uBWdsKTFk9BE0JsdEv8KKF8/abBfRe/hKEGOBm3OKZA=
github.com/Gaurav-Gosain/sip v0.7.0 h1:Elk44LUzcTq54pWcHUp6jHicUsLSn5f/8Qra6wISJAs=
github.com/Gaurav-Gosain/sip v0.7.0/go.mod h1:BcZ9zeThJlrDnn1M/iKDZQQi7VncXapcSbgFJH7gbN8=
github.com/adrg/xdg v0.5.3 h1:xRnxJXne7+oWDatRhR1JLnvuccuIeCoBu2rtuLqQB78=
github.com/adrg/xdg v0.5.3/go.mod h1:nlTsY+NNiCBGCK2tpm09vRqfVzrc2fLmXGpBLF0zlTQ=
github.com/anmitsu/go-shlex v0.0.0-20200514113438-38f4b401e2be h1:9AeTilPcZAjCFIImctFaOjnTIavg87rW78vTPkQqLI8=
github.com/anmitsu/go-shlex v0.0.0-20200514113438-38f4b401e2be/go.mod h1:ySMOLuWl6zY27l47sB3qLNK6tF2fkHG55UZxx8oIVo4=
github.com/aymanbagabas/go-osc52/v2 v2.0.1 h1:HwpRHbFMcZLEVr42D4p7XBqjyuxQH5SMiErDT4WkJ2k=
github.com/aymanbagabas/go-osc52/v2 v2.0.1/go.mod h1:uYgXzlJ7ZpABp8OJ+exZzJJhRNQ2ASbcXHWsFqH8hp8=
github.com/aymanbagabas/go-udiff v0.4.1 h1:OEIrQ8maEeDBXQDoGCbbTTXYJMYRCRO1fnodZ12Gv5o=
github.com/aymanbagabas/go-udiff v0.4.1/go.mod h1:0L9PGwj20lrtmEMeyw4WKJ/TMyDtvAoK9bf2u/mNo3w=
github.com/bits-and-blooms/bitset v1.24.5 h1:654xBVHc23gJMAgOTkPNoCVfiRxuIOAUnAZFtopqJ4w=
github.com/bits-and-blooms/bitset v1.24.5/go.mod h1:7hO7Gc7Pp1vODcmWvKMRA9BNmbv6a/7QIWpPxHddWR8=
github.com/charmbracelet/colorprofile v0.4.3 h1:QPa1IWkYI+AOB+fE+mg/5/4HRMZcaXex9t5KX76i20Q=
github.com/charmbracelet/colorprofile v0.4.3/go.mod h1:/zT4BhpD5aGFpqQQqw7a+VtHCzu+zrQtt1zhMt9mR4Q=
github.com/charmbracelet/fang v1.0.0 h1:jESBY40agJOlLYnnv9jE0mLqDGTxEk0hkOnx7YGyRlQ=
github.com/charmbracelet/fang v1.0.0/go.mod h1:P5/DNb9DddQ0Z0dbc0P3ol4/ix5Po7Ofr2KMBfAqoCo=
github.com/charmbracelet/keygen v0.5.4 h1:XQYgf6UEaTGgQSSmiPpIQ78WfseNQp4Pz8N/c1OsrdA=
github.com/charmbracelet/keygen v0.5.4/go.mod h1:t4oBRr41bvK7FaJsAaAQhhkUuHslzFXVjOBwA55CZNM=
github.com/charmbracelet/lipgloss v1.1.0 h1:vYXsiLHVkK7fp74RkV7b2kq9+zDLoEU4MZoFqR/noCY=
github.com/charmbracelet/lipgloss v1.1.0/go.mod h1:/6Q8FR2o+kj8rz4Dq0zQc3vYf7X+B0binUUBwA0aL30=
github.com/charmbracelet/log v1.0.0 h1:HVVVMmfOorfj3BA9i8X8UL69Hoz9lI0PYwXfJvOdRc4=
github.com/charmbracelet/log v1.0.0/go.mod h1:uYgY3SmLpwJWxmlrPwXvzVYujxis1vAKRV/0VQB7yWA=
github.com/charmbracelet/ssh v0.0.0-20250826160808-ebfa259c7309 h1:dCVbCRRtg9+tsfiTXTp0WupDlHruAXyp+YoxGVofHHc=
github.com/charmbracelet/ssh v0.0.0-20250826160808-ebfa259c7309/go.mod h1:R9cISUs5kAH4Cq/rguNbSwcR+slE5Dfm8FEs//uoIGE=
github.com/charmbracelet/ultraviolet v0.0.0-20260703014108-f5a850f9c2b7 h1:3FmWoGNWK4STvqg0O0Aeav2T7rodWJAPeF0QpH+8gFw=
github.com/charmbracelet/ultraviolet v0.0.0-20260703014108-f5a850f9c2b7/go.mod h1:f/jRa757WUmaOZrbPspXymbg/GnbF+rwe4OLsG7aXYo=
github.com/charmbracelet/x/ansi v0.11.7 h1:kzv1kJvjg2S3r9KHo8hDdHFQLEqn4RBCb39dAYC84jI=
github.com/charmbracelet/x/ansi v0.11.7/go.mod h1:9qGpnAVYz+8ACONkZBUWPtL7lulP9No6p1epAihUZwQ=
github.com/charmbracelet/x/cellbuf v0.0.15 h1:ur3pZy0o6z/R7EylET877CBxaiE1Sp1GMxoFPAIztPI=
github.com/charmbracelet/x/cellbuf v0.0.15/go.mod h1:J1YVbR7MUuEGIFPCaaZ96KDl5NoS0DAWkskup+mOY+Q=
github.com/charmbracelet/x/conpty v0.2.0 h1:eKtA2hm34qNfgJCDp/M6Dc0gLy7e07YEK4qAdNGOvVY=
github.com/charmbracelet/x/conpty v0.2.0/go.mod h1:fexgUnVrZgw8scD49f6VSi0Ggj9GWYIrpedRthAwW/8=
github.com/charmbracelet/x/exp/charmtone v0.0.0-20260629091435-9c70f75e26a4 h1:LljZKJHFTKQk/BZepcoAXn7tBxVsc70tT2vqNFzWKf0=
github.com/charmbracelet/x/exp/charmtone v0.0.0-20260629091435-9c70f75e26a4/go.mod h1:nsExn0DGyX0lh9LwLHTn2Gg+hafdzfSXnC+QmEJTZFY=
github.com/charmbracelet/x/exp/golden v0.0.0-20250806222409-83e3a29d542f h1:pk6gmGpCE7F3FcjaOEKYriCvpmIN4+6OS/RD0vm4uIA=
github.com/charmbracelet/x/exp/golden v0.0.0-20250806222409-83e3a29d542f/go.mod h1:IfZAMTHB6XkZSeXUqriemErjAWCCzT0LwjKFYCZyw0I=
github.com/charmbracelet/x/term v0.2.2 h1:xVRT/S2ZcKdhhOuSP4t5cLi5o+JxklsoEObBSgfgZRk=
github.com/charmbracelet/x/term v0.2.2/go.mod h1:kF8CY5RddLWrsgVwpw4kAa6TESp6EB5y3uxGLeCqzAI=
github.com/charmbracelet/x/termios v0.1.1 h1:o3Q2bT8eqzGnGPOYheoYS8eEleT5ZVNYNy8JawjaNZY=
github.com/charmbracelet/x/termios v0.1.1/go.mod h1:rB7fnv1TgOPOyyKRJ9o+AsTU/vK5WHJ2ivHeut/Pcwo=
github.com/charmbracelet/x/windows v0.2.2 h1:IofanmuvaxnKHuV04sC0eBy/smG6kIKrWG2/jYn2GuM=
github.com/charmbracelet/x/windows v0.2.2/go.mod h1:/8XtdKZzedat74NQFn0NGlGL4soHB0YQZrETF96h75k=
github.com/charmbracelet/x/xpty v0.1.3 h1:eGSitii4suhzrISYH50ZfufV3v085BXQwIytcOdFSsw=
github.com/charmbracelet/x/xpty v0.1.3/go.mod h1:poPYpWuLDBFCKmKLDnhBp51ATa0ooD8FhypRwEFtH3Y=
github.com/clipperhouse/displaywidth v0.11.0 h1:lBc6kY44VFw+TDx4I8opi/EtL9m20WSEFgwIwO+UVM8=
github.com/clipperhouse/displaywidth v0.11.0/go.mod h1:bkrFNkf81G8HyVqmKGxsPufD3JhNl3dSqnGhOoSD/o0=
github.com/clipperhouse/uax29/v2 v2.7.0 h1:+gs4oBZ2gPfVrKPthwbMzWZDaAFPGYK72F0NJv2v7Vk=
github.com/clipperhouse/uax29/v2 v2.7.0/go.mod h1:EFJ2TJMRUaplDxHKj1qAEhCtQPW2tJSwu5BF98AuoVM=
github.com/coder/websocket v1.8.15 h1:6B2JPeOGlpff2Uz6vOEH1Vzpi0iUz20A+lPVhPHtNUA=
github.com/coder/websocket v1.8.15/go.mod h1:NX3SzP+inril6yawo5CQXx8+fk145lPDC6pumgx0mVg=
github.com/cpuguy83/go-md2man/v2 v2.0.6/go.mod h1:oOW0eioCTA6cOiMLiUPZOpcVxMig6NIQQ7OS05n1F4g=
github.com/creack/pty v1.1.24 h1:bJrF4RRfyJnbTJqzRLHzcGaZK1NeM5kTC9jGgovnR1s=
github.com/creack/pty v1.1.24/go.mod h1:08sCNb52WyoAwi2QDyzUCTgcvVFhUzewun7wtTfvcwE=
github.com/davecgh/go-spew v1.1.1 h1:vj9j/u1bqnvCEfJOwUhtlOARqs3+rkHYY13jYWTU97c=
github.com/davecgh/go-spew v1.1.1/go.mod h1:J7Y8YcW2NihsgmVo/mv3lAwl/skON4iLHjSsI+c5H38=
github.com/ebitengine/purego v0.10.1 h1:dewVBCBT2GaMu1SrNTYxQhgQBethzfhiwvZiLGP/qyY=
github.com/ebitengine/purego v0.10.1/go.mod h1:iIjxzd6CiRiOG0UyXP+V1+jWqUXVjPKLAI0mRfJZTmQ=
github.com/fsnotify/fsnotify v1.10.1 h1:b0/UzAf9yR5rhf3RPm9gf3ehBPpf0oZKIjtpKrx59Ho=
github.com/fsnotify/fsnotify v1.10.1/go.mod h1:TLheqan6HD6GBK6PrDWyDPBaEV8LspOxvPSjC+bVfgo=
github.com/go-logfmt/logfmt v0.6.1 h1:4hvbpePJKnIzH1B+8OR/JPbTx37NktoI9LE2QZBBkvE=
github.com/go-logfmt/logfmt v0.6.1/go.mod h1:EV2pOAQoZaT1ZXZbqDl5hrymndi4SY9ED9/z6CO0XAk=
github.com/go-ole/go-ole v1.2.6/go.mod h1:pprOEPIfldk/42T2oK7lQ4v4JSDwmV0As9GaiUsvbm0=
github.com/go-ole/go-ole v1.3.0 h1:Dt6ye7+vXGIKZ7Xtk4s6/xVdGDQynvom7xCFEdWr6uE=
github.com/go-ole/go-ole v1.3.0/go.mod h1:5LS6F96DhAwUc7C+1HLexzMXY1xGRSryjyPPKW6zv78=
github.com/google/go-cmp v0.7.0 h1:wk8382ETsv4JYUZwIsn6YpYiWiBsYLSJiTsyBybVuN8=
github.com/google/go-cmp v0.7.0/go.mod h1:pXiqmnSA92OHEEa9HXL2W4E7lf9JzCmGVUdgjX3N/iU=
github.com/google/uuid v1.6.0 h1:NIvaJDMOsjHA8n1jAhLSgzrAzy1Hgr+hNrb57e+94F0=
github.com/google/uuid v1.6.0/go.mod h1:TIyPZe4MgqvfeYDBFedMoGGpEw/LqOeaOT+nhxU+yHo=
github.com/inconshreveable/mousetrap v1.1.0 h1:wN+x4NVGpMsO7ErUn/mUI3vEoE6Jt13X2s0bqwp9tc8=
github.com/inconshreveable/mousetrap v1.1.0/go.mod h1:vpF70FUmC8bwa3OWnCshd2FqLfsEA9PFc4w1p2J65bw=
github.com/lrstanley/bubbletint/v2 v2.0.2 h1:JvLHMf7qI/UE47AyNsD9jVI7h2VQvq+4AYcHNe8DwSQ=
github.com/lrstanley/bubbletint/v2 v2.0.2/go.mod h1:HaBq3Yc6pcCrQDuW8huE+Bs1adVFUmg/O1B9Zu/kab4=
github.com/lrstanley/go-nf v0.0.0-20260418212552-215ab243b591 h1:WTkxFAeEMXU0lVPiUmUUoZJWCgPquyaxQGUf9e8dBh8=
github.com/lrstanley/go-nf v0.0.0-20260418212552-215ab243b591/go.mod h1:MW7vmvMkwop4wD5DgTS5dzykKwN/r+3OWcxfzAANOrw=
github.com/lucasb-eyer/go-colorful v1.4.0 h1:UtrWVfLdarDgc44HcS7pYloGHJUjHV/4FwW4TvVgFr4=
github.com/lucasb-eyer/go-colorful v1.4.0/go.mod h1:R4dSotOR9KMtayYi1e77YzuveK+i7ruzyGqttikkLy0=
github.com/lufia/plan9stats v0.0.0-20260627054121-477a66015f15 h1:YkjVPl/YH5XlJ+/NiwzJtPYXXKRcyjmEUhsDci6YK3c=
github.com/lufia/plan9stats v0.0.0-20260627054121-477a66015f15/go.mod h1:autxFIvghDt3jPTLoqZ9OZ7s9qTGNAWmYCjVFWPX/zg=
github.com/mattn/go-isatty v0.0.22 h1:j8l17JJ9i6VGPUFUYoTUKPSgKe/83EYU2zBC7YNKMw4=
github.com/mattn/go-isatty v0.0.22/go.mod h1:ZXfXG4SQHsB/w3ZeOYbR0PrPwLy+n6xiMrJlRFqopa4=
github.com/mattn/go-runewidth v0.0.24 h1:cpokDiIn0MGnhdHwuWnJBITySJ20QyNGnY2kR/ay2DU=
github.com/mattn/go-runewidth v0.0.24/go.mod h1:XBkDxAl56ILZc9knddidhrOlY5R/pDhgLpndooCuJAs=
github.com/muesli/cancelreader v0.2.2 h1:3I4Kt4BQjOR54NavqnDogx/MIoWBFa0StPA8ELUXHmA=
github.com/muesli/cancelreader v0.2.2/go.mod h1:3XuTXfFS2VjM+HTLZY9Ak0l6eUKfijIfMUZ4EgX0QYo=
github.com/muesli/mango v0.2.0 h1:iNNc0c5VLQ6fsMgAqGQofByNUBH2Q2nEbD6TaI+5yyQ=
github.com/muesli/mango v0.2.0/go.mod h1:5XFpbC8jY5UUv89YQciiXNlbi+iJgt29VDC5xbzrLL4=
github.com/muesli/mango-cobra v1.3.0 h1:vQy5GvPg3ndOSpduxutqFoINhWk3vD5K2dXo5E8pqec=
github.com/muesli/mango-cobra v1.3.0/go.mod h1:Cj1ZrBu3806Qw7UjxnAUgE+7tllUBj1NCLQDwwGx19E=
github.com/muesli/mango-pflag v0.2.0 h1:QViokgKDZQCzKhYe1zH8D+UlPJzBSGoP9yx0hBG0t5k=
github.com/muesli/mango-pflag v0.2.0/go.mod h1:X9LT1p/pbGA1wjvEbtwnixujKErkP0jVmrxwrw3fL0Y=
github.com/muesli/roff v0.1.0 h1:YD0lalCotmYuF5HhZliKWlIx7IEhiXeSfq7hNjFqGF8=
github.com/muesli/roff v0.1.0/go.mod h1:pjAHQM9hdUUwm/krAfrLGgJkXJ+YuhtsfZ42kieB2Ig=
github.com/muesli/termenv v0.16.0 h1:S5AlUN9dENB57rsbnkPyfdGuWIlkmzJjbFf0Tf5FWUc=
github.com/muesli/termenv v0.16.0/go.mod h1:ZRfOIKPFDYQoDFF4Olj7/QJbW60Ol/kL1pU3VfY/Cnk=
github.com/pelletier/go-toml/v2 v2.4.2 h1:M2fKKbmyvI+hGId/D0W64qDBMVhJnNR10O5gIbMc//Q=
github.com/pelletier/go-toml/v2 v2.4.2/go.mod h1:2gIqNv+qfxSVS7cM2xJQKtLSTLUE9V8t9Stt+h56mCY=
github.com/pmezard/go-difflib v1.0.0 h1:4DBwDE0NGyQoBHbLQYPwSUPoCMWR5BEzIk/f1lZbAQM=
github.com/pmezard/go-difflib v1.0.0/go.mod h1:iKH77koFhYxTK1pcRnkKkqfTogsbg7gZNVY4sRDYZ/4=
github.com/power-devops/perfstat v0.0.0-20240221224432-82ca36839d55 h1:o4JXh1EVt9k/+g42oCprj/FisM4qX9L3sZB3upGN2ZU=
github.com/power-devops/perfstat v0.0.0-20240221224432-82ca36839d55/go.mod h1:OmDBASR4679mdNQnz2pUhc2G8CO2JrUAVFDRBDP/hJE=
github.com/quic-go/qpack v0.6.0 h1:g7W+BMYynC1LbYLSqRt8PBg5Tgwxn214ZZR34VIOjz8=
github.com/quic-go/qpack v0.6.0/go.mod h1:lUpLKChi8njB4ty2bFLX2x4gzDqXwUpaO1DP9qMDZII=
github.com/quic-go/quic-go v0.57.1 h1:25KAAR9QR8KZrCZRThWMKVAwGoiHIrNbT72ULHTuI10=
github.com/quic-go/quic-go v0.57.1/go.mod h1:ly4QBAjHA2VhdnxhojRsCUOeJwKYg+taDlos92xb1+s=
github.com/quic-go/webtransport-go v0.9.0 h1:jgys+7/wm6JarGDrW+lD/r9BGqBAmqY/ssklE09bA70=
github.com/quic-go/webtransport-go v0.9.0/go.mod h1:4FUYIiUc75XSsF6HShcLeXXYZJ9AGwo/xh3L8M/P1ao=
github.com/rivo/uniseg v0.4.7 h1:WUdvkW8uEhrYfLC4ZzdpI2ztxP1I582+49Oc5Mq64VQ=
github.com/rivo/uniseg v0.4.7/go.mod h1:FN3SvrM+Zdj16jyLfmOkMNblXMcoc8DfTHruCPUcx88=
github.com/russross/blackfriday/v2 v2.1.0/go.mod h1:+Rmxgy9KzJVeS9/2gXHxylqXiyQDYRxCVz55jmeOWTM=
github.com/shirou/gopsutil/v4 v4.26.6 h1:Mzr/npDtQC/xpeEuQKHZt8Zo9CmPvhTj8nkR8w5TLDs=
github.com/shirou/gopsutil/v4 v4.26.6/go.mod h1:LZ6ewCSkBqUpvSOf+LsTGnRinC6iaNUNMGBtDkJBaLQ=
github.com/spf13/cobra v1.10.2 h1:DMTTonx5m65Ic0GOoRY2c16WCbHxOOw6xxezuLaBpcU=
github.com/spf13/cobra v1.10.2/go.mod h1:7C1pvHqHw5A4vrJfjNwvOdzYu0Gml16OCs2GRiTUUS4=
github.com/spf13/pflag v1.0.9/go.mod h1:McXfInJRrz4CZXVZOBLb0bTZqETkiAhM9Iw0y3An2Bg=
github.com/spf13/pflag v1.0.10 h1:4EBh2KAYBwaONj6b2Ye1GiHfwjqyROoF4RwYO+vPwFk=
github.com/spf13/pflag v1.0.10/go.mod h1:McXfInJRrz4CZXVZOBLb0bTZqETkiAhM9Iw0y3An2Bg=
github.com/stretchr/testify v1.11.1 h1:7s2iGBzp5EwR7/aIZr8ao5+dra3wiQyKjjFuvgVKu7U=
github.com/stretchr/testify v1.11.1/go.mod h1:wZwfW3scLgRK+23gO65QZefKpKQRnfz6sD981Nm4B6U=
github.com/tklauser/go-sysconf v0.4.0 h1:7H0uAN+7RkwWRaxhYXDLqa5V3LPrJeV8wmD9dRUgPQU=
github.com/tklauser/go-sysconf v0.4.0/go.mod h1:8mTNWyog7H+MpKijp4VmKJAd2bbYQ2zuUwkYRbUArPI=
github.com/tklauser/numcpus v0.12.0 h1:NR85qdvHA9pFse3x3weVZ0r0ST8R6l5RHbZrlRaqob4=
github.com/tklauser/numcpus v0.12.0/go.mod h1:ABHeXzJnr/qqwguhClkZKT1/8VABcYrsyUiUGobwWJg=
github.com/xo/terminfo v0.0.0-20220910002029-abceb7e1c41e h1:JVG44RsyaB9T2KIHavMF/ppJZNG9ZpyihvCd0w101no=
github.com/xo/terminfo v0.0.0-20220910002029-abceb7e1c41e/go.mod h1:RbqR21r5mrJuqunuUZ/Dhy/avygyECGrLceyNeo4LiM=
github.com/yuin/gopher-lua v1.1.2 h1:yF/FjE3hD65tBbt0VXLE13HWS9h34fdzJmrWRXwobGA=
github.com/yuin/gopher-lua v1.1.2/go.mod h1:7aRmXIWl37SqRf0koeyylBEzJ+aPt8A+mmkQ4f1ntR8=
github.com/yusufpapurcu/wmi v1.2.4 h1:zFUKzehAFReQwLys1b/iSMl+JQGSCSjtVqQn9bBrPo0=
github.com/yusufpapurcu/wmi v1.2.4/go.mod h1:SBZ9tNy3G9/m5Oi98Zks0QjeHVDvuK0qfxQmPyzfmi0=
go.uber.org/mock v0.5.2 h1:LbtPTcP8A5k9WPXj54PPPbjcI4Y6lhyOZXn+VS7wNko=
go.uber.org/mock v0.5.2/go.mod h1:wLlUxC2vVTPTaE3UD51E0BGOAElKrILxhVSDYQLld5o=
go.yaml.in/yaml/v3 v3.0.4/go.mod h1:DhzuOOF2ATzADvBadXxruRBLzYTpT36CKvDb3+aBEFg=
golang.org/x/crypto v0.53.0 h1:QZ4Muo8THX6CizN2vPPd5fBGHyogrdK9fG4wLPFUsto=
golang.org/x/crypto v0.53.0/go.mod h1:DNLU434OwVakk9PzuwV8w62mAJpRJL3vsgcfp4Qnsio=
golang.org/x/exp v0.0.0-20260611194520-c48552f49976 h1:X8Hz2ImujgbmetVuW+w2YkyZChE3cBpZi2P158rTG9M=
golang.org/x/exp v0.0.0-20260611194520-c48552f49976/go.mod h1:vnf4pv9iKZXY58sQE1L86zmNWJ4159e1RkcWiLCkeEY=
golang.org/x/net v0.56.0 h1:Rw8j/hFzGvJUZwNBXnAtf5sVDVt+65SK2C7IxCxZt5o=
golang.org/x/net v0.56.0/go.mod h1:D3Ku6r+V6JROoZK144D2XfMHFcMq/0zSfLelVTCFKec=
golang.org/x/sync v0.21.0 h1:HLII4xRRTtCRkxYp4HNFF0Js/Og6q2i++KXbg0gHCwM=
golang.org/x/sync v0.21.0/go.mod h1:9xrNwdLfx4jkKbNva9FpL6vEN7evnE43NNNJQ2LF3+0=
golang.org/x/sys v0.0.0-20190916202348-b4ddaad3f8a3/go.mod h1:h1NjWce9XRLGQEsW7wpKNCjG9DtNlClVuFLEZdDNbEs=
golang.org/x/sys v0.0.0-20201204225414-ed752295db88/go.mod h1:h1NjWce9XRLGQEsW7wpKNCjG9DtNlClVuFLEZdDNbEs=
golang.org/x/sys v0.1.0/go.mod h1:oPkhp1MJrh7nUepCBck5+mAzfO9JrbApNNgaTdGDITg=
golang.org/x/sys v0.46.0 h1:noSf2Fq6F8DBgS+LysIkx7rIExoNHJsxOAtPp4rthXw=
golang.org/x/sys v0.46.0/go.mod h1:4GL1E5IUh+htKOUEOaiffhrAeqysfVGipDYzABqnCmw=
golang.org/x/term v0.44.0 h1:0rLvDRCtNj0gZkyIXhCyOb2OAzEhLVqc4B+hrsBhrmc=
golang.org/x/term v0.44.0/go.mod h1:7ze4MdzUzLXpSAoFP1H0bOI9aXDqveSvatT5vKcFh2Y=
golang.org/x/text v0.38.0 h1:sXmwo9DwP3OK9EZ7PqAdaooSGozfl/3a6/xJcbzPRhE=
golang.org/x/text v0.38.0/go.mod h1:YXZt3QhHUKYT53r2lLKFIVi6Ao1jdzrTR/KQ09qyxF4=
golang.org/x/time v0.15.0 h1:bbrp8t3bGUeFOx08pvsMYRTCVSMk89u4tKbNOZbp88U=
golang.org/x/time v0.15.0/go.mod h1:Y4YMaQmXwGQZoFaVFk4YpCt4FLQMYKZe9oeV/f4MSno=
gopkg.in/check.v1 v0.0.0-20161208181325-20d25e280405/go.mod h1:Co6ibVJAznAaIkqp8huTwlJQCZ016jof/cbN4VW5Yz0=
gopkg.in/yaml.v3 v3.0.1 h1:fxVm/GzAzEWqLHuvctI91KS9hhNmmWOoWu0XTYJS7CA=
gopkg.in/yaml.v3 v3.0.1/go.mod h1:K4uyk7z7BCEPqu6E+C64Yfv1cQ7kz7rIZviUmN+EgEM=
